// !$*UTF8*$!
{
	archiveVersion = 1;
	classes = {
	};
	objectVersion = 56;
	objects = {

/* Begin PBXBuildFile section */
		39267E9C2ADE4496000B3B63 /* LaunchScreen.storyboard in Resources */ = {isa = PBXBuildFile; fileRef = 39267E9B2ADE4496000B3B63 /* LaunchScreen.storyboard */; };
		39267E9E2ADE5BC4000B3B63 /* LaunchView.swift in Sources */ = {isa = PBXBuildFile; fileRef = 39267E9D2ADE5BC4000B3B63 /* LaunchView.swift */; };
		39367D772A8492CF00911D7F /* HapticManager.swift in Sources */ = {isa = PBXBuildFile; fileRef = 39367D762A8492CF00911D7F /* HapticManager.swift */; };
		39367D7B2A84B7CA00911D7F /* DetailView.swift in Sources */ = {isa = PBXBuildFile; fileRef = 39367D7A2A84B7CA00911D7F /* DetailView.swift */; };
		39367D7D2A84C35900911D7F /* CoinDetailModel.swift in Sources */ = {isa = PBXBuildFile; fileRef = 39367D7C2A84C35900911D7F /* CoinDetailModel.swift */; };
		39367D7F2A84C40B00911D7F /* DetailViewModel.swift in Sources */ = {isa = PBXBuildFile; fileRef = 39367D7E2A84C40B00911D7F /* DetailViewModel.swift */; };
		39367D812A84C46600911D7F /* CoinDetailDataService.swift in Sources */ = {isa = PBXBuildFile; fileRef = 39367D802A84C46600911D7F /* CoinDetailDataService.swift */; };
		3963E1F22A78B24E00F5CC20 /* Coin.swift in Sources */ = {isa = PBXBuildFile; fileRef = 3963E1F12A78B24E00F5CC20 /* Coin.swift */; };
		3963E1F42A78C19A00F5CC20 /* CoinItemView.swift in Sources */ = {isa = PBXBuildFile; fileRef = 3963E1F32A78C19900F5CC20 /* CoinItemView.swift */; };
		3963E1F62A78C3A400F5CC20 /* PreviewProvider.swift in Sources */ = {isa = PBXBuildFile; fileRef = 3963E1F52A78C3A400F5CC20 /* PreviewProvider.swift */; };
		3963E1F82A78C79500F5CC20 /* Double.swift in Sources */ = {isa = PBXBuildFile; fileRef = 3963E1F72A78C79500F5CC20 /* Double.swift */; };
		3963E1FA2A78D24000F5CC20 /* HomeViewModel.swift in Sources */ = {isa = PBXBuildFile; fileRef = 3963E1F92A78D24000F5CC20 /* HomeViewModel.swift */; };
		396692662A7776910013AB33 /* CryptoApp.swift in Sources */ = {isa = PBXBuildFile; fileRef = 396692652A7776910013AB33 /* CryptoApp.swift */; };
		3966926A2A7776920013AB33 /* Assets.xcassets in Resources */ = {isa = PBXBuildFile; fileRef = 396692692A7776920013AB33 /* Assets.xcassets */; };
		3966926D2A7776920013AB33 /* Preview Assets.xcassets in Resources */ = {isa = PBXBuildFile; fileRef = 3966926C2A7776920013AB33 /* Preview Assets.xcassets */; };
		397E8C682A81F7AF001796EF /* StatisticModel.swift in Sources */ = {isa = PBXBuildFile; fileRef = 397E8C672A81F7AF001796EF /* StatisticModel.swift */; };
		397E8C6B2A81F998001796EF /* StatisticView.swift in Sources */ = {isa = PBXBuildFile; fileRef = 397E8C6A2A81F998001796EF /* StatisticView.swift */; };
		397E8C6D2A81FEBC001796EF /* HomeStatsView.swift in Sources */ = {isa = PBXBuildFile; fileRef = 397E8C6C2A81FEBC001796EF /* HomeStatsView.swift */; };
		397E8C6F2A82087A001796EF /* MarketDataModel.swift in Sources */ = {isa = PBXBuildFile; fileRef = 397E8C6E2A82087A001796EF /* MarketDataModel.swift */; };
		397E8C712A820ABA001796EF /* MarketDataService.swift in Sources */ = {isa = PBXBuildFile; fileRef = 397E8C702A820ABA001796EF /* MarketDataService.swift */; };
		397E8C732A8217AA001796EF /* PortfolioView.swift in Sources */ = {isa = PBXBuildFile; fileRef = 397E8C722A8217AA001796EF /* PortfolioView.swift */; };
		397E8C752A821A4B001796EF /* CrossButton.swift in Sources */ = {isa = PBXBuildFile; fileRef = 397E8C742A821A4B001796EF /* CrossButton.swift */; };
		397E8C772A821F1A001796EF /* CoinLogoView.swift in Sources */ = {isa = PBXBuildFile; fileRef = 397E8C762A821F1A001796EF /* CoinLogoView.swift */; };
		398C584F2A790AF600C44D06 /* CoinDataService.swift in Sources */ = {isa = PBXBuildFile; fileRef = 398C584E2A790AF600C44D06 /* CoinDataService.swift */; };
		399004F32A7CB29E0006D08F /* LocalFileManager.swift in Sources */ = {isa = PBXBuildFile; fileRef = 399004F22A7CB29E0006D08F /* LocalFileManager.swift */; };
		399004F52A7CCE3E0006D08F /* SearchBarView.swift in Sources */ = {isa = PBXBuildFile; fileRef = 399004F42A7CCE3E0006D08F /* SearchBarView.swift */; };
		399004F72A7CEC2E0006D08F /* UIApplication.swift in Sources */ = {isa = PBXBuildFile; fileRef = 399004F62A7CEC2E0006D08F /* UIApplication.swift */; };
		399202D32A78A9B30059C54D /* HomeView.swift in Sources */ = {isa = PBXBuildFile; fileRef = 399202D22A78A9B30059C54D /* HomeView.swift */; };
		399202D72A78AAE40059C54D /* CircleButtonView.swift in Sources */ = {isa = PBXBuildFile; fileRef = 399202D62A78AAE40059C54D /* CircleButtonView.swift */; };
		399202D92A78AE2D0059C54D /* CircleButtonAnimation.swift in Sources */ = {isa = PBXBuildFile; fileRef = 399202D82A78AE2D0059C54D /* CircleButtonAnimation.swift */; };
		39D77A922ADCE14C00C210B3 /* ChartView.swift in Sources */ = {isa = PBXBuildFile; fileRef = 39D77A912ADCE14C00C210B3 /* ChartView.swift */; };
		39D77A942ADCFB2600C210B3 /* Date.swift in Sources */ = {isa = PBXBuildFile; fileRef = 39D77A932ADCFB2600C210B3 /* Date.swift */; };
		39D77A962ADD108F00C210B3 /* String.swift in Sources */ = {isa = PBXBuildFile; fileRef = 39D77A952ADD108F00C210B3 /* String.swift */; };
		39D77A982ADD166400C210B3 /* HtmlView.swift in Sources */ = {isa = PBXBuildFile; fileRef = 39D77A972ADD166400C210B3 /* HtmlView.swift */; };
		39D77A9B2ADD304900C210B3 /* SettingsView.swift in Sources */ = {isa = PBXBuildFile; fileRef = 39D77A9A2ADD304900C210B3 /* SettingsView.swift */; };
		39E30EF22A83595C00FD26E9 /* PortfolioContainer.xcdatamodeld in Sources */ = {isa = PBXBuildFile; fileRef = 39E30EF02A83595C00FD26E9 /* PortfolioContainer.xcdatamodeld */; };
		39E30EF42A835A8200FD26E9 /* PortfolioDataService.swift in Sources */ = {isa = PBXBuildFile; fileRef = 39E30EF32A835A8200FD26E9 /* PortfolioDataService.swift */; };
		39F7FDA52A7A558700343E4E /* NetworkManager.swift in Sources */ = {isa = PBXBuildFile; fileRef = 39F7FDA42A7A558700343E4E /* NetworkManager.swift */; };
		39F7FDA72A7A5D7800343E4E /* CoinImageView.swift in Sources */ = {isa = PBXBuildFile; fileRef = 39F7FDA62A7A5D7800343E4E /* CoinImageView.swift */; };
		39F7FDA92A7A5F5300343E4E /* CoinImageService.swift in Sources */ = {isa = PBXBuildFile; fileRef = 39F7FDA82A7A5F5300343E4E /* CoinImageService.swift */; };
		39F7FDAB2A7A615E00343E4E /* CoinImageViewModel.swift in Sources */ = {isa = PBXBuildFile; fileRef = 39F7FDAA2A7A615E00343E4E /* CoinImageViewModel.swift */; };
		AAA490AC2A78173100A6BA1B /* Color.swift in Sources */ = {isa = PBXBuildFile; fileRef = AAA490AB2A78173100A6BA1B /* Color.swift */; };
/* End PBXBuildFile section */

/* Begin PBXFileReference section */
		39267E9B2ADE4496000B3B63 /* LaunchScreen.storyboard */ = {isa = PBXFileReference; lastKnownFileType = file.storyboard; path = LaunchScreen.storyboard; sourceTree = "<group>"; };
		39267E9D2ADE5BC4000B3B63 /* LaunchView.swift */ = {isa = PBXFileReference; lastKnownFileType = sourcecode.swift; path = LaunchView.swift; sourceTree = "<group>"; };
		39367D762A8492CF00911D7F /* HapticManager.swift */ = {isa = PBXFileReference; lastKnownFileType = sourcecode.swift; path = HapticManager.swift; sourceTree = "<group>"; };
		39367D7A2A84B7CA00911D7F /* DetailView.swift */ = {isa = PBXFileReference; lastKnownFileType = sourcecode.swift; path = DetailView.swift; sourceTree = "<group>"; };
		39367D7C2A84C35900911D7F /* CoinDetailModel.swift */ = {isa = PBXFileReference; lastKnownFileType = sourcecode.swift; path = CoinDetailModel.swift; sourceTree = "<group>"; };
		39367D7E2A84C40B00911D7F /* DetailViewModel.swift */ = {isa = PBXFileReference; lastKnownFileType = sourcecode.swift; path = DetailViewModel.swift; sourceTree = "<group>"; };
		39367D802A84C46600911D7F /* CoinDetailDataService.swift */ = {isa = PBXFileReference; lastKnownFileType = sourcecode.swift; path = CoinDetailDataService.swift; sourceTree = "<group>"; };
		3963E1F12A78B24E00F5CC20 /* Coin.swift */ = {isa = PBXFileReference; lastKnownFileType = sourcecode.swift; path = Coin.swift; sourceTree = "<group>"; };
		3963E1F32A78C19900F5CC20 /* CoinItemView.swift */ = {isa = PBXFileReference; lastKnownFileType = sourcecode.swift; path = CoinItemView.swift; sourceTree = "<group>"; };
		3963E1F52A78C3A400F5CC20 /* PreviewProvider.swift */ = {isa = PBXFileReference; lastKnownFileType = sourcecode.swift; path = PreviewProvider.swift; sourceTree = "<group>"; };
		3963E1F72A78C79500F5CC20 /* Double.swift */ = {isa = PBXFileReference; lastKnownFileType = sourcecode.swift; path = Double.swift; sourceTree = "<group>"; };
		3963E1F92A78D24000F5CC20 /* HomeViewModel.swift */ = {isa = PBXFileReference; lastKnownFileType = sourcecode.swift; path = HomeViewModel.swift; sourceTree = "<group>"; };
		396692622A7776910013AB33 /* Crypto.app */ = {isa = PBXFileReference; explicitFileType = wrapper.application; includeInIndex = 0; path = Crypto.app; sourceTree = BUILT_PRODUCTS_DIR; };
		396692652A7776910013AB33 /* CryptoApp.swift */ = {isa = PBXFileReference; lastKnownFileType = sourcecode.swift; path = CryptoApp.swift; sourceTree = "<group>"; };
		396692692A7776920013AB33 /* Assets.xcassets */ = {isa = PBXFileReference; lastKnownFileType = folder.assetcatalog; path = Assets.xcassets; sourceTree = "<group>"; };
		3966926C2A7776920013AB33 /* Preview Assets.xcassets */ = {isa = PBXFileReference; lastKnownFileType = folder.assetcatalog; path = "Preview Assets.xcassets"; sourceTree = "<group>"; };
		397E8C672A81F7AF001796EF /* StatisticModel.swift */ = {isa = PBXFileReference; lastKnownFileType = sourcecode.swift; path = StatisticModel.swift; sourceTree = "<group>"; };
		397E8C6A2A81F998001796EF /* StatisticView.swift */ = {isa = PBXFileReference; lastKnownFileType = sourcecode.swift; path = StatisticView.swift; sourceTree = "<group>"; };
		397E8C6C2A81FEBC001796EF /* HomeStatsView.swift */ = {isa = PBXFileReference; lastKnownFileType = sourcecode.swift; path = HomeStatsView.swift; sourceTree = "<group>"; };
		397E8C6E2A82087A001796EF /* MarketDataModel.swift */ = {isa = PBXFileReference; lastKnownFileType = sourcecode.swift; path = MarketDataModel.swift; sourceTree = "<group>"; };
		397E8C702A820ABA001796EF /* MarketDataService.swift */ = {isa = PBXFileReference; lastKnownFileType = sourcecode.swift; path = MarketDataService.swift; sourceTree = "<group>"; };
		397E8C722A8217AA001796EF /* PortfolioView.swift */ = {isa = PBXFileReference; lastKnownFileType = sourcecode.swift; path = PortfolioView.swift; sourceTree = "<group>"; };
		397E8C742A821A4B001796EF /* CrossButton.swift */ = {isa = PBXFileReference; lastKnownFileType = sourcecode.swift; path = CrossButton.swift; sourceTree = "<group>"; };
		397E8C762A821F1A001796EF /* CoinLogoView.swift */ = {isa = PBXFileReference; lastKnownFileType = sourcecode.swift; path = CoinLogoView.swift; sourceTree = "<group>"; };
		398C584E2A790AF600C44D06 /* CoinDataService.swift */ = {isa = PBXFileReference; lastKnownFileType = sourcecode.swift; path = CoinDataService.swift; sourceTree = "<group>"; };
		399004F22A7CB29E0006D08F /* LocalFileManager.swift */ = {isa = PBXFileReference; lastKnownFileType = sourcecode.swift; path = LocalFileManager.swift; sourceTree = "<group>"; };
		399004F42A7CCE3E0006D08F /* SearchBarView.swift */ = {isa = PBXFileReference; lastKnownFileType = sourcecode.swift; path = SearchBarView.swift; sourceTree = "<group>"; };
		399004F62A7CEC2E0006D08F /* UIApplication.swift */ = {isa = PBXFileReference; lastKnownFileType = sourcecode.swift; path = UIApplication.swift; sourceTree = "<group>"; };
		399202D22A78A9B30059C54D /* HomeView.swift */ = {isa = PBXFileReference; lastKnownFileType = sourcecode.swift; path = HomeView.swift; sourceTree = "<group>"; };
		399202D62A78AAE40059C54D /* CircleButtonView.swift */ = {isa = PBXFileReference; lastKnownFileType = sourcecode.swift; path = CircleButtonView.swift; sourceTree = "<group>"; };
		399202D82A78AE2D0059C54D /* CircleButtonAnimation.swift */ = {isa = PBXFileReference; lastKnownFileType = sourcecode.swift; path = CircleButtonAnimation.swift; sourceTree = "<group>"; };
		39D77A912ADCE14C00C210B3 /* ChartView.swift */ = {isa = PBXFileReference; lastKnownFileType = sourcecode.swift; path = ChartView.swift; sourceTree = "<group>"; };
		39D77A932ADCFB2600C210B3 /* Date.swift */ = {isa = PBXFileReference; lastKnownFileType = sourcecode.swift; path = Date.swift; sourceTree = "<group>"; };
		39D77A952ADD108F00C210B3 /* String.swift */ = {isa = PBXFileReference; lastKnownFileType = sourcecode.swift; path = String.swift; sourceTree = "<group>"; };
		39D77A972ADD166400C210B3 /* HtmlView.swift */ = {isa = PBXFileReference; lastKnownFileType = sourcecode.swift; path = HtmlView.swift; sourceTree = "<group>"; };
		39D77A9A2ADD304900C210B3 /* SettingsView.swift */ = {isa = PBXFileReference; lastKnownFileType = sourcecode.swift; path = SettingsView.swift; sourceTree = "<group>"; };
		39E30EF12A83595C00FD26E9 /* PortfolioContainer.xcdatamodel */ = {isa = PBXFileReference; lastKnownFileType = wrapper.xcdatamodel; path = PortfolioContainer.xcdatamodel; sourceTree = "<group>"; };
		39E30EF32A835A8200FD26E9 /* PortfolioDataService.swift */ = {isa = PBXFileReference; lastKnownFileType = sourcecode.swift; path = PortfolioDataService.swift; sourceTree = "<group>"; };
		39F7FDA42A7A558700343E4E /* NetworkManager.swift */ = {isa = PBXFileReference; lastKnownFileType = sourcecode.swift; path = NetworkManager.swift; sourceTree = "<group>"; };
		39F7FDA62A7A5D7800343E4E /* CoinImageView.swift */ = {isa = PBXFileReference; lastKnownFileType = sourcecode.swift; path = CoinImageView.swift; sourceTree = "<group>"; };
		39F7FDA82A7A5F5300343E4E /* CoinImageService.swift */ = {isa = PBXFileReference; lastKnownFileType = sourcecode.swift; path = CoinImageService.swift; sourceTree = "<group>"; };
		39F7FDAA2A7A615E00343E4E /* CoinImageViewModel.swift */ = {isa = PBXFileReference; lastKnownFileType = sourcecode.swift; path = CoinImageViewModel.swift; sourceTree = "<group>"; };
		AAA490AB2A78173100A6BA1B /* Color.swift */ = {isa = PBXFileReference; lastKnownFileType = sourcecode.swift; path = Color.swift; sourceTree = "<group>"; };
/* End PBXFileReference section */

/* Begin PBXFrameworksBuildPhase section */
		3966925F2A7776910013AB33 /* Frameworks */ = {
			isa = PBXFrameworksBuildPhase;
			buildActionMask = 2147483647;
			files = (
			);
			runOnlyForDeploymentPostprocessing = 0;
		};
/* End PBXFrameworksBuildPhase section */

/* Begin PBXGroup section */
		39267E9A2ADE446D000B3B63 /* Launch */ = {
			isa = PBXGroup;
			children = (
				39267E9B2ADE4496000B3B63 /* LaunchScreen.storyboard */,
				39267E9D2ADE5BC4000B3B63 /* LaunchView.swift */,
			);
			path = Launch;
			sourceTree = "<group>";
		};
		39367D782A84B75D00911D7F /* Home */ = {
			isa = PBXGroup;
			children = (
				399202D22A78A9B30059C54D /* HomeView.swift */,
				397E8C722A8217AA001796EF /* PortfolioView.swift */,
				397E8C742A821A4B001796EF /* CrossButton.swift */,
			);
			path = Home;
			sourceTree = "<group>";
		};
		39367D792A84B76400911D7F /* Detail */ = {
			isa = PBXGroup;
			children = (
				39367D7A2A84B7CA00911D7F /* DetailView.swift */,
				39D77A912ADCE14C00C210B3 /* ChartView.swift */,
			);
			path = Detail;
			sourceTree = "<group>";
		};
		3963E1F02A78B23C00F5CC20 /* Models */ = {
			isa = PBXGroup;
			children = (
				3963E1F12A78B24E00F5CC20 /* Coin.swift */,
				397E8C672A81F7AF001796EF /* StatisticModel.swift */,
				397E8C6E2A82087A001796EF /* MarketDataModel.swift */,
				39E30EF02A83595C00FD26E9 /* PortfolioContainer.xcdatamodeld */,
				39367D7C2A84C35900911D7F /* CoinDetailModel.swift */,
			);
			path = Models;
			sourceTree = "<group>";
		};
		396692592A7776910013AB33 = {
			isa = PBXGroup;
			children = (
				396692642A7776910013AB33 /* Crypto */,
				396692632A7776910013AB33 /* Products */,
			);
			sourceTree = "<group>";
		};
		396692632A7776910013AB33 /* Products */ = {
			isa = PBXGroup;
			children = (
				396692622A7776910013AB33 /* Crypto.app */,
			);
			name = Products;
			sourceTree = "<group>";
		};
		396692642A7776910013AB33 /* Crypto */ = {
			isa = PBXGroup;
			children = (
				39F7FDA32A7A552600343E4E /* Utilities */,
				398C584D2A790AE100C44D06 /* Services */,
				3963E1F02A78B23C00F5CC20 /* Models */,
				399202D12A78A98F0059C54D /* ViewModels */,
				399202D02A78A97E0059C54D /* Views */,
				AAA490AA2A78170F00A6BA1B /* Extensions */,
				396692652A7776910013AB33 /* CryptoApp.swift */,
				396692692A7776920013AB33 /* Assets.xcassets */,
				3966926B2A7776920013AB33 /* Preview Content */,
			);
			path = Crypto;
			sourceTree = "<group>";
		};
		3966926B2A7776920013AB33 /* Preview Content */ = {
			isa = PBXGroup;
			children = (
				3966926C2A7776920013AB33 /* Preview Assets.xcassets */,
			);
			path = "Preview Content";
			sourceTree = "<group>";
		};
		397E8C692A81F967001796EF /* CoinImage */ = {
			isa = PBXGroup;
			children = (
				39F7FDA62A7A5D7800343E4E /* CoinImageView.swift */,
				397E8C762A821F1A001796EF /* CoinLogoView.swift */,
			);
			path = CoinImage;
			sourceTree = "<group>";
		};
		398C584D2A790AE100C44D06 /* Services */ = {
			isa = PBXGroup;
			children = (
				398C584E2A790AF600C44D06 /* CoinDataService.swift */,
				39F7FDA82A7A5F5300343E4E /* CoinImageService.swift */,
				397E8C702A820ABA001796EF /* MarketDataService.swift */,
				39E30EF32A835A8200FD26E9 /* PortfolioDataService.swift */,
				39367D802A84C46600911D7F /* CoinDetailDataService.swift */,
			);
			path = Services;
			sourceTree = "<group>";
		};
		399202D02A78A97E0059C54D /* Views */ = {
			isa = PBXGroup;
			children = (
				39267E9A2ADE446D000B3B63 /* Launch */,
				39D77A992ADD301B00C210B3 /* Settings */,
				39367D792A84B76400911D7F /* Detail */,
				39367D782A84B75D00911D7F /* Home */,
				399202D42A78AAB90059C54D /* Components */,
			);
			path = Views;
			sourceTree = "<group>";
		};
		399202D12A78A98F0059C54D /* ViewModels */ = {
			isa = PBXGroup;
			children = (
				3963E1F92A78D24000F5CC20 /* HomeViewModel.swift */,
				39F7FDAA2A7A615E00343E4E /* CoinImageViewModel.swift */,
				39367D7E2A84C40B00911D7F /* DetailViewModel.swift */,
			);
			path = ViewModels;
			sourceTree = "<group>";
		};
		399202D42A78AAB90059C54D /* Components */ = {
			isa = PBXGroup;
			children = (
				397E8C692A81F967001796EF /* CoinImage */,
				399202D52A78AACD0059C54D /* CircleButton */,
				3963E1F32A78C19900F5CC20 /* CoinItemView.swift */,
				399004F42A7CCE3E0006D08F /* SearchBarView.swift */,
				397E8C6A2A81F998001796EF /* StatisticView.swift */,
				397E8C6C2A81FEBC001796EF /* HomeStatsView.swift */,
				39D77A972ADD166400C210B3 /* HtmlView.swift */,
			);
			path = Components;
			sourceTree = "<group>";
		};
		399202D52A78AACD0059C54D /* CircleButton */ = {
			isa = PBXGroup;
			children = (
				399202D62A78AAE40059C54D /* CircleButtonView.swift */,
				399202D82A78AE2D0059C54D /* CircleButtonAnimation.swift */,
			);
			path = CircleButton;
			sourceTree = "<group>";
		};
		39D77A992ADD301B00C210B3 /* Settings */ = {
			isa = PBXGroup;
			children = (
				39D77A9A2ADD304900C210B3 /* SettingsView.swift */,
			);
			path = Settings;
			sourceTree = "<group>";
		};
		39F7FDA32A7A552600343E4E /* Utilities */ = {
			isa = PBXGroup;
			children = (
				39F7FDA42A7A558700343E4E /* NetworkManager.swift */,
				399004F22A7CB29E0006D08F /* LocalFileManager.swift */,
				39367D762A8492CF00911D7F /* HapticManager.swift */,
			);
			path = Utilities;
			sourceTree = "<group>";
		};
		AAA490AA2A78170F00A6BA1B /* Extensions */ = {
			isa = PBXGroup;
			children = (
				AAA490AB2A78173100A6BA1B /* Color.swift */,
				3963E1F52A78C3A400F5CC20 /* PreviewProvider.swift */,
				3963E1F72A78C79500F5CC20 /* Double.swift */,
				399004F62A7CEC2E0006D08F /* UIApplication.swift */,
				39D77A932ADCFB2600C210B3 /* Date.swift */,
				39D77A952ADD108F00C210B3 /* String.swift */,
			);
			path = Extensions;
			sourceTree = "<group>";
		};
/* End PBXGroup section */

/* Begin PBXNativeTarget section */
		396692612A7776910013AB33 /* Crypto */ = {
			isa = PBXNativeTarget;
			buildConfigurationList = 396692702A7776920013AB33 /* Build configuration list for PBXNativeTarget "Crypto" */;
			buildPhases = (
				3966925E2A7776910013AB33 /* Sources */,
				3966925F2A7776910013AB33 /* Frameworks */,
				396692602A7776910013AB33 /* Resources */,
			);
			buildRules = (
			);
			dependencies = (
			);
			name = Crypto;
			productName = Crypto;
			productReference = 396692622A7776910013AB33 /* Crypto.app */;
			productType = "com.apple.product-type.application";
		};
/* End PBXNativeTarget section */

/* Begin PBXProject section */
		3966925A2A7776910013AB33 /* Project object */ = {
			isa = PBXProject;
			attributes = {
				BuildIndependentTargetsInParallel = 1;
				LastSwiftUpdateCheck = 1430;
				LastUpgradeCheck = 1430;
				TargetAttributes = {
					396692612A7776910013AB33 = {
						CreatedOnToolsVersion = 14.3.1;
					};
				};
			};
			buildConfigurationList = 3966925D2A7776910013AB33 /* Build configuration list for PBXProject "Crypto" */;
			compatibilityVersion = "Xcode 14.0";
			developmentRegion = en;
			hasScannedForEncodings = 0;
			knownRegions = (
				en,
				Base,
			);
			mainGroup = 396692592A7776910013AB33;
			productRefGroup = 396692632A7776910013AB33 /* Products */;
			projectDirPath = "";
			projectRoot = "";
			targets = (
				396692612A7776910013AB33 /* Crypto */,
			);
		};
/* End PBXProject section */

/* Begin PBXResourcesBuildPhase section */
		396692602A7776910013AB33 /* Resources */ = {
			isa = PBXResourcesBuildPhase;
			buildActionMask = 2147483647;
			files = (
				39267E9C2ADE4496000B3B63 /* LaunchScreen.storyboard in Resources */,
				3966926D2A7776920013AB33 /* Preview Assets.xcassets in Resources */,
				3966926A2A7776920013AB33 /* Assets.xcassets in Resources */,
			);
			runOnlyForDeploymentPostprocessing = 0;
		};
/* End PBXResourcesBuildPhase section */

/* Begin PBXSourcesBuildPhase section */
		3966925E2A7776910013AB33 /* Sources */ = {
			isa = PBXSourcesBuildPhase;
			buildActionMask = 2147483647;
			files = (
				397E8C682A81F7AF001796EF /* StatisticModel.swift in Sources */,
				39D77A982ADD166400C210B3 /* HtmlView.swift in Sources */,
				397E8C712A820ABA001796EF /* MarketDataService.swift in Sources */,
				397E8C772A821F1A001796EF /* CoinLogoView.swift in Sources */,
				397E8C6B2A81F998001796EF /* StatisticView.swift in Sources */,
				399004F72A7CEC2E0006D08F /* UIApplication.swift in Sources */,
				39E30EF22A83595C00FD26E9 /* PortfolioContainer.xcdatamodeld in Sources */,
				39F7FDAB2A7A615E00343E4E /* CoinImageViewModel.swift in Sources */,
				39F7FDA72A7A5D7800343E4E /* CoinImageView.swift in Sources */,
				39367D7D2A84C35900911D7F /* CoinDetailModel.swift in Sources */,
				39F7FDA52A7A558700343E4E /* NetworkManager.swift in Sources */,
				397E8C732A8217AA001796EF /* PortfolioView.swift in Sources */,
				398C584F2A790AF600C44D06 /* CoinDataService.swift in Sources */,
				3963E1F42A78C19A00F5CC20 /* CoinItemView.swift in Sources */,
				3963E1FA2A78D24000F5CC20 /* HomeViewModel.swift in Sources */,
				39367D7B2A84B7CA00911D7F /* DetailView.swift in Sources */,
				39267E9E2ADE5BC4000B3B63 /* LaunchView.swift in Sources */,
				39367D7F2A84C40B00911D7F /* DetailViewModel.swift in Sources */,
				39D77A942ADCFB2600C210B3 /* Date.swift in Sources */,
				399202D32A78A9B30059C54D /* HomeView.swift in Sources */,
				399004F32A7CB29E0006D08F /* LocalFileManager.swift in Sources */,
				397E8C6D2A81FEBC001796EF /* HomeStatsView.swift in Sources */,
				396692662A7776910013AB33 /* CryptoApp.swift in Sources */,
				397E8C6F2A82087A001796EF /* MarketDataModel.swift in Sources */,
				39E30EF42A835A8200FD26E9 /* PortfolioDataService.swift in Sources */,
				397E8C752A821A4B001796EF /* CrossButton.swift in Sources */,
				399202D72A78AAE40059C54D /* CircleButtonView.swift in Sources */,
				399202D92A78AE2D0059C54D /* CircleButtonAnimation.swift in Sources */,
				AAA490AC2A78173100A6BA1B /* Color.swift in Sources */,
				3963E1F62A78C3A400F5CC20 /* PreviewProvider.swift in Sources */,
				39D77A922ADCE14C00C210B3 /* ChartView.swift in Sources */,
				39367D772A8492CF00911D7F /* HapticManager.swift in Sources */,
				39D77A962ADD108F00C210B3 /* String.swift in Sources */,
				3963E1F82A78C79500F5CC20 /* Double.swift in Sources */,
				39367D812A84C46600911D7F /* CoinDetailDataService.swift in Sources */,
				39F7FDA92A7A5F5300343E4E /* CoinImageService.swift in Sources */,
				399004F52A7CCE3E0006D08F /* SearchBarView.swift in Sources */,
				3963E1F22A78B24E00F5CC20 /* Coin.swift in Sources */,
				39D77A9B2ADD304900C210B3 /* SettingsView.swift in Sources */,
			);
			runOnlyForDeploymentPostprocessing = 0;
		};
/* End PBXSourcesBuildPhase section */

/* Begin XCBuildConfiguration section */
		3966926E2A7776920013AB33 /* Debug */ = {
			isa = XCBuildConfiguration;
			buildSettings = {
				ALWAYS_SEARCH_USER_PATHS = NO;
				CLANG_ANALYZER_NONNULL = YES;
				CLANG_ANALYZER_NUMBER_OBJECT_CONVERSION = YES_AGGRESSIVE;
				CLANG_CXX_LANGUAGE_STANDARD = "gnu++20";
				CLANG_ENABLE_MODULES = YES;
				CLANG_ENABLE_OBJC_ARC = YES;
				CLANG_ENABLE_OBJC_WEAK = YES;
				CLANG_WARN_BLOCK_CAPTURE_AUTORELEASING = YES;
				CLANG_WARN_BOOL_CONVERSION = YES;
				CLANG_WARN_COMMA = YES;
				CLANG_WARN_CONSTANT_CONVERSION = YES;
				CLANG_WARN_DEPRECATED_OBJC_IMPLEMENTATIONS = YES;
				CLANG_WARN_DIRECT_OBJC_ISA_USAGE = YES_ERROR;
				CLANG_WARN_DOCUMENTATION_COMMENTS = YES;
				CLANG_WARN_EMPTY_BODY = YES;
				CLANG_WARN_ENUM_CONVERSION = YES;
				CLANG_WARN_INFINITE_RECURSION = YES;
				CLANG_WARN_INT_CONVERSION = YES;
				CLANG_WARN_NON_LITERAL_NULL_CONVERSION = YES;
				CLANG_WARN_OBJC_IMPLICIT_RETAIN_SELF = YES;
				CLANG_WARN_OBJC_LITERAL_CONVERSION = YES;
				CLANG_WARN_OBJC_ROOT_CLASS = YES_ERROR;
				CLANG_WARN_QUOTED_INCLUDE_IN_FRAMEWORK_HEADER = YES;
				CLANG_WARN_RANGE_LOOP_ANALYSIS = YES;
				CLANG_WARN_STRICT_PROTOTYPES = YES;
				CLANG_WARN_SUSPICIOUS_MOVE = YES;
				CLANG_WARN_UNGUARDED_AVAILABILITY = YES_AGGRESSIVE;
				CLANG_WARN_UNREACHABLE_CODE = YES;
				CLANG_WARN__DUPLICATE_METHOD_MATCH = YES;
				COPY_PHASE_STRIP = NO;
				DEBUG_INFORMATION_FORMAT = dwarf;
				ENABLE_STRICT_OBJC_MSGSEND = YES;
				ENABLE_TESTABILITY = YES;
				GCC_C_LANGUAGE_STANDARD = gnu11;
				GCC_DYNAMIC_NO_PIC = NO;
				GCC_NO_COMMON_BLOCKS = YES;
				GCC_OPTIMIZATION_LEVEL = 0;
				GCC_PREPROCESSOR_DEFINITIONS = (
					"DEBUG=1",
					"$(inherited)",
				);
				GCC_WARN_64_TO_32_BIT_CONVERSION = YES;
				GCC_WARN_ABOUT_RETURN_TYPE = YES_ERROR;
				GCC_WARN_UNDECLARED_SELECTOR = YES;
				GCC_WARN_UNINITIALIZED_AUTOS = YES_AGGRESSIVE;
				GCC_WARN_UNUSED_FUNCTION = YES;
				GCC_WARN_UNUSED_VARIABLE = YES;
				IPHONEOS_DEPLOYMENT_TARGET = 16.4;
				MTL_ENABLE_DEBUG_INFO = INCLUDE_SOURCE;
				MTL_FAST_MATH = YES;
				ONLY_ACTIVE_ARCH = YES;
				SDKROOT = iphoneos;
				SWIFT_ACTIVE_COMPILATION_CONDITIONS = DEBUG;
				SWIFT_OPTIMIZATION_LEVEL = "-Onone";
			};
			name = Debug;
		};
		3966926F2A7776920013AB33 /* Release */ = {
			isa = XCBuildConfiguration;
			buildSettings = {
				ALWAYS_SEARCH_USER_PATHS = NO;
				CLANG_ANALYZER_NONNULL = YES;
				CLANG_ANALYZER_NUMBER_OBJECT_CONVERSION = YES_AGGRESSIVE;
				CLANG_CXX_LANGUAGE_STANDARD = "gnu++20";
				CLANG_ENABLE_MODULES = YES;
				CLANG_ENABLE_OBJC_ARC = YES;
				CLANG_ENABLE_OBJC_WEAK = YES;
				CLANG_WARN_BLOCK_CAPTURE_AUTORELEASING = YES;
				CLANG_WARN_BOOL_CONVERSION = YES;
				CLANG_WARN_COMMA = YES;
				CLANG_WARN_CONSTANT_CONVERSION = YES;
				CLANG_WARN_DEPRECATED_OBJC_IMPLEMENTATIONS = YES;
				CLANG_WARN_DIRECT_OBJC_ISA_USAGE = YES_ERROR;
				CLANG_WARN_DOCUMENTATION_COMMENTS = YES;
				CLANG_WARN_EMPTY_BODY = YES;
				CLANG_WARN_ENUM_CONVERSION = YES;
				CLANG_WARN_INFINITE_RECURSION = YES;
				CLANG_WARN_INT_CONVERSION = YES;
				CLANG_WARN_NON_LITERAL_NULL_CONVERSION = YES;
				CLANG_WARN_OBJC_IMPLICIT_RETAIN_SELF = YES;
				CLANG_WARN_OBJC_LITERAL_CONVERSION = YES;
				CLANG_WARN_OBJC_ROOT_CLASS = YES_ERROR;
				CLANG_WARN_QUOTED_INCLUDE_IN_FRAMEWORK_HEADER = YES;
				CLANG_WARN_RANGE_LOOP_ANALYSIS = YES;
				CLANG_WARN_STRICT_PROTOTYPES = YES;
				CLANG_WARN_SUSPICIOUS_MOVE = YES;
				CLANG_WARN_UNGUARDED_AVAILABILITY = YES_AGGRESSIVE;
				CLANG_WARN_UNREACHABLE_CODE = YES;
				CLANG_WARN__DUPLICATE_METHOD_MATCH = YES;
				COPY_PHASE_STRIP = NO;
				DEBUG_INFORMATION_FORMAT = "dwarf-with-dsym";
				ENABLE_NS_ASSERTIONS = NO;
				ENABLE_STRICT_OBJC_MSGSEND = YES;
				GCC_C_LANGUAGE_STANDARD = gnu11;
				GCC_NO_COMMON_BLOCKS = YES;
				GCC_WARN_64_TO_32_BIT_CONVERSION = YES;
				GCC_WARN_ABOUT_RETURN_TYPE = YES_ERROR;
				GCC_WARN_UNDECLARED_SELECTOR = YES;
				GCC_WARN_UNINITIALIZED_AUTOS = YES_AGGRESSIVE;
				GCC_WARN_UNUSED_FUNCTION = YES;
				GCC_WARN_UNUSED_VARIABLE = YES;
				IPHONEOS_DEPLOYMENT_TARGET = 16.4;
				MTL_ENABLE_DEBUG_INFO = NO;
				MTL_FAST_MATH = YES;
				SDKROOT = iphoneos;
				SWIFT_COMPILATION_MODE = wholemodule;
				SWIFT_OPTIMIZATION_LEVEL = "-O";
				VALIDATE_PRODUCT = YES;
			};
			name = Release;
		};
		396692712A7776920013AB33 /* Debug */ = {
			isa = XCBuildConfiguration;
			buildSettings = {
				ASSETCATALOG_COMPILER_APPICON_NAME = AppIcon;
				ASSETCATALOG_COMPILER_GLOBAL_ACCENT_COLOR_NAME = AccentColor;
				CODE_SIGN_STYLE = Automatic;
				CURRENT_PROJECT_VERSION = 1;
				DEVELOPMENT_ASSET_PATHS = "\"Crypto/Preview Content\"";
				DEVELOPMENT_TEAM = 2JVRAVYX94;
				ENABLE_PREVIEWS = YES;
				GENERATE_INFOPLIST_FILE = YES;
				INFOPLIST_FILE = Crypto/Info.plist;
				INFOPLIST_KEY_UIApplicationSceneManifest_Generation = YES;
				INFOPLIST_KEY_UIApplicationSupportsIndirectInputEvents = YES;
				INFOPLIST_KEY_UILaunchStoryboardName = LaunchScreen.storyboard;
				INFOPLIST_KEY_UISupportedInterfaceOrientations_iPad = "UIInterfaceOrientationPortrait UIInterfaceOrientationPortraitUpsideDown UIInterfaceOrientationLandscapeLeft UIInterfaceOrientationLandscapeRight";
				INFOPLIST_KEY_UISupportedInterfaceOrientations_iPhone = "UIInterfaceOrientationPortrait UIInterfaceOrientationLandscapeLeft UIInterfaceOrientationLandscapeRight";
				LD_RUNPATH_SEARCH_PATHS = (
					"$(inherited)",
					"@executable_path/Frameworks",
				);
				MARKETING_VERSION = 1.0;
				PRODUCT_BUNDLE_IDENTIFIER = com.englesoft.Crypto;
				PRODUCT_NAME = "$(TARGET_NAME)";
				SWIFT_EMIT_LOC_STRINGS = YES;
				SWIFT_VERSION = 5.0;
				TARGETED_DEVICE_FAMILY = "1,2";
			};
			name = Debug;
		};
		396692722A7776920013AB33 /* Release */ = {
			isa = XCBuildConfiguration;
			buildSettings = {
				ASSETCATALOG_COMPILER_APPICON_NAME = AppIcon;
				ASSETCATALOG_COMPILER_GLOBAL_ACCENT_COLOR_NAME = AccentColor;
				CODE_SIGN_STYLE = Automatic;
				CURRENT_PROJECT_VERSION = 1;
				DEVELOPMENT_ASSET_PATHS = "\"Crypto/Preview Content\"";
				DEVELOPMENT_TEAM = 2JVRAVYX94;
				ENABLE_PREVIEWS = YES;
				GENERATE_INFOPLIST_FILE = YES;
				INFOPLIST_FILE = Crypto/Info.plist;
				INFOPLIST_KEY_UIApplicationSceneManifest_Generation = YES;
				INFOPLIST_KEY_UIApplicationSupportsIndirectInputEvents = YES;
				INFOPLIST_KEY_UILaunchStoryboardName = LaunchScreen.storyboard;
				INFOPLIST_KEY_UISupportedInterfaceOrientations_iPad = "UIInterfaceOrientationPortrait UIInterfaceOrientationPortraitUpsideDown UIInterfaceOrientationLandscapeLeft UIInterfaceOrientationLandscapeRight";
				INFOPLIST_KEY_UISupportedInterfaceOrientations_iPhone = "UIInterfaceOrientationPortrait UIInterfaceOrientationLandscapeLeft UIInterfaceOrientationLandscapeRight";
				LD_RUNPATH_SEARCH_PATHS = (
					"$(inherited)",
					"@executable_path/Frameworks",
				);
				MARKETING_VERSION = 1.0;
				PRODUCT_BUNDLE_IDENTIFIER = com.englesoft.Crypto;
				PRODUCT_NAME = "$(TARGET_NAME)";
				SWIFT_EMIT_LOC_STRINGS = YES;
				SWIFT_VERSION = 5.0;
				TARGETED_DEVICE_FAMILY = "1,2";
			};
			name = Release;
		};
/* End XCBuildConfiguration section */

/* Begin XCConfigurationList section */
		3966925D2A7776910013AB33 /* Build configuration list for PBXProject "Crypto" */ = {
			isa = XCConfigurationList;
			buildConfigurations = (
				3966926E2A7776920013AB33 /* Debug */,
				3966926F2A7776920013AB33 /* Release */,
			);
			defaultConfigurationIsVisible = 0;
			defaultConfigurationName = Release;
		};
		396692702A7776920013AB33 /* Build configuration list for PBXNativeTarget "Crypto" */ = {
			isa = XCConfigurationList;
			buildConfigurations = (
				396692712A7776920013AB33 /* Debug */,
				396692722A7776920013AB33 /* Release */,
			);
			defaultConfigurationIsVisible = 0;
			defaultConfigurationName = Release;
		};
/* End XCConfigurationList section */

/* Begin XCVersionGroup section */
		39E30EF02A83595C00FD26E9 /* PortfolioContainer.xcdatamodeld */ = {
			isa = XCVersionGroup;
			children = (
				39E30EF12A83595C00FD26E9 /* PortfolioContainer.xcdatamodel */,
			);
			currentVersion = 39E30EF12A83595C00FD26E9 /* PortfolioContainer.xcdatamodel */;
			path = PortfolioContainer.xcdatamodeld;
			sourceTree = "<group>";
			versionGroupType = wrapper.xcdatamodel;
		};
/* End XCVersionGroup section */
	};
	rootObject = 3966925A2A7776910013AB33 /* Project object */;
}
